
Microsoft Visual Studio Solution File, Format Version 12.00
# Visual Studio Version 17
VisualStudioVersion = 17.0.31912.275
MinimumVisualStudioVersion = 10.0.40219.1
Project("{FAE04EC0-301F-11D3-BF4B-00C04F79EFBC}") = "PlayerLogApi", "PlayerLogApi.csproj", "{C8864E37-67FD-4514-B92E-0057C925A31D}"
EndProject
Project("{FAE04EC0-301F-11D3-BF4B-00C04F79EFBC}") = "PlayerLogApi.Tests", "..\PlayerLogApi.Tests\PlayerLogApi.Tests.csproj", "{4627F3DC-BDFC-41A1-94E7-A7641451E36E}"
EndProject
Global
	GlobalSection(SolutionConfigurationPlatforms) = preSolution
		Debug|Any CPU = Debug|Any CPU
		Release|Any CPU = Release|Any CPU
	EndGlobalSection
	GlobalSection(ProjectConfigurationPlatforms) = postSolution
		{C8864E37-67FD-4514-B92E-0057C925A31D}.Debug|Any CPU.ActiveCfg = Debug|Any CPU
		{C8864E37-67FD-4514-B92E-0057C925A31D}.Debug|Any CPU.Build.0 = Debug|Any CPU
		{C8864E37-67FD-4514-B92E-0057C925A31D}.Release|Any CPU.ActiveCfg = Release|Any CPU
		{C8864E37-67FD-4514-B92E-0057C925A31D}.Release|Any CPU.Build.0 = Release|Any CPU
		{4627F3DC-BDFC-41A1-94E7-A7641451E36E}.Debug|Any CPU.ActiveCfg = Debug|Any CPU
		{4627F3DC-BDFC-41A1-94E7-A7641451E36E}.Debug|Any CPU.Build.0 = Debug|Any CPU
		{4627F3DC-BDFC-41A1-94E7-A7641451E36E}.Release|Any CPU.ActiveCfg = Release|Any CPU
		{4627F3DC-BDFC-41A1-94E7-A7641451E36E}.Release|Any CPU.Build.0 = Release|Any CPU
	EndGlobalSection
	GlobalSection(SolutionProperties) = preSolution
		HideSolutionNode = FALSE
	EndGlobalSection
	GlobalSection(ExtensibilityGlobals) = postSolution
		SolutionGuid = {15DBC83E-302F-4ACA-8428-A91AB71259BC}
	EndGlobalSection
EndGlobal
